// !$*UTF8*$!
{
	archiveVersion = 1;
	classes = {
	};
	objectVersion = 50;
	objects = {

/* Begin PBXBuildFile section */
		7C3730AF24F8FF660071BD2A /* AppDelegate.swift in Sources */ = {isa = PBXBuildFile; fileRef = 7C3730AE24F8FF660071BD2A /* AppDelegate.swift */; };
		7C3730B124F8FF660071BD2A /* SceneDelegate.swift in Sources */ = {isa = PBXBuildFile; fileRef = 7C3730B024F8FF660071BD2A /* SceneDelegate.swift */; };
		7C3730B324F8FF660071BD2A /* ContentView.swift in Sources */ = {isa = PBXBuildFile; fileRef = 7C3730B224F8FF660071BD2A /* ContentView.swift */; };
		7C3730B524F8FF670071BD2A /* Assets.xcassets in Resources */ = {isa = PBXBuildFile; fileRef = 7C3730B424F8FF670071BD2A /* Assets.xcassets */; };
		7C3730B824F8FF670071BD2A /* Preview Assets.xcassets in Resources */ = {isa = PBXBuildFile; fileRef = 7C3730B724F8FF670071BD2A /* Preview Assets.xcassets */; };
		7C3730BB24F8FF670071BD2A /* LaunchScreen.storyboard in Resources */ = {isa = PBXBuildFile; fileRef = 7C3730B924F8FF670071BD2A /* LaunchScreen.storyboard */; };
		7C3730C424F90E040071BD2A /* MotionManager.swift in Sources */ = {isa = PBXBuildFile; fileRef = 7C3730C324F90E040071BD2A /* MotionManager.swift */; };
		7C3730C624FD020E0071BD2A /* MotionError.swift in Sources */ = {isa = PBXBuildFile; fileRef = 7C3730C524FD020E0071BD2A /* MotionError.swift */; };
		7C6A851824FD3E370020BCF6 /* RotationModel.swift in Sources */ = {isa = PBXBuildFile; fileRef = 7C6A851724FD3E370020BCF6 /* RotationModel.swift */; };
		7C6A851A24FD3E5A0020BCF6 /* AccelerationModel.swift in Sources */ = {isa = PBXBuildFile; fileRef = 7C6A851924FD3E5A0020BCF6 /* AccelerationModel.swift */; };
		7C6A851C24FD3FF50020BCF6 /* MagneticFieldModel.swift in Sources */ = {isa = PBXBuildFile; fileRef = 7C6A851B24FD3FF50020BCF6 /* MagneticFieldModel.swift */; };
		7C6A851F24FD56290020BCF6 /* DataCell.swift in Sources */ = {isa = PBXBuildFile; fileRef = 7C6A851E24FD56290020BCF6 /* DataCell.swift */; };
/* End PBXBuildFile section */

/* Begin PBXFileReference section */
		7C3730AB24F8FF660071BD2A /* SensorsApp.app */ = {isa = PBXFileReference; explicitFileType = wrapper.application; includeInIndex = 0; path = SensorsApp.app; sourceTree = BUILT_PRODUCTS_DIR; };
		7C3730AE24F8FF660071BD2A /* AppDelegate.swift */ = {isa = PBXFileReference; lastKnownFileType = sourcecode.swift; path = AppDelegate.swift; sourceTree = "<group>"; };
		7C3730B024F8FF660071BD2A /* SceneDelegate.swift */ = {isa = PBXFileReference; lastKnownFileType = sourcecode.swift; path = SceneDelegate.swift; sourceTree = "<group>"; };
		7C3730B224F8FF660071BD2A /* ContentView.swift */ = {isa = PBXFileReference; lastKnownFileType = sourcecode.swift; path = ContentView.swift; sourceTree = "<group>"; };
		7C3730B424F8FF670071BD2A /* Assets.xcassets */ = {isa = PBXFileReference; lastKnownFileType = folder.assetcatalog; path = Assets.xcassets; sourceTree = "<group>"; };
		7C3730B724F8FF670071BD2A /* Preview Assets.xcassets */ = {isa = PBXFileReference; lastKnownFileType = folder.assetcatalog; path = "Preview Assets.xcassets"; sourceTree = "<group>"; };
		7C3730BA24F8FF670071BD2A /* Base */ = {isa = PBXFileReference; lastKnownFileType = file.storyboard; name = Base; path = Base.lproj/LaunchScreen.storyboard; sourceTree = "<group>"; };
		7C3730BC24F8FF670071BD2A /* Info.plist */ = {isa = PBXFileReference; lastKnownFileType = text.plist.xml; path = Info.plist; sourceTree = "<group>"; };
		7C3730C324F90E040071BD2A /* MotionManager.swift */ = {isa = PBXFileReference; lastKnownFileType = sourcecode.swift; path = MotionManager.swift; sourceTree = "<group>"; };
		7C3730C524FD020E0071BD2A /* MotionError.swift */ = {isa = PBXFileReference; lastKnownFileType = sourcecode.swift; path = MotionError.swift; sourceTree = "<group>"; };
		7C6A851724FD3E370020BCF6 /* RotationModel.swift */ = {isa = PBXFileReference; lastKnownFileType = sourcecode.swift; path = RotationModel.swift; sourceTree = "<group>"; };
		7C6A851924FD3E5A0020BCF6 /* AccelerationModel.swift */ = {isa = PBXFileReference; lastKnownFileType = sourcecode.swift; path = AccelerationModel.swift; sourceTree = "<group>"; };
		7C6A851B24FD3FF50020BCF6 /* MagneticFieldModel.swift */ = {isa = PBXFileReference; lastKnownFileType = sourcecode.swift; path = MagneticFieldModel.swift; sourceTree = "<group>"; };
		7C6A851E24FD56290020BCF6 /* DataCell.swift */ = {isa = PBXFileReference; lastKnownFileType = sourcecode.swift; path = DataCell.swift; sourceTree = "<group>"; };
/* End PBXFileReference section */

/* Begin PBXFrameworksBuildPhase section */
		7C3730A824F8FF660071BD2A /* Frameworks */ = {
			isa = PBXFrameworksBuildPhase;
			buildActionMask = 2147483647;
			files = (
			);
			runOnlyForDeploymentPostprocessing = 0;
		};
/* End PBXFrameworksBuildPhase section */

/* Begin PBXGroup section */
		7C3730A224F8FF660071BD2A = {
			isa = PBXGroup;
			children = (
				7C3730AD24F8FF660071BD2A /* SensorsApp */,
				7C3730AC24F8FF660071BD2A /* Products */,
			);
			sourceTree = "<group>";
		};
		7C3730AC24F8FF660071BD2A /* Products */ = {
			isa = PBXGroup;
			children = (
				7C3730AB24F8FF660071BD2A /* SensorsApp.app */,
			);
			name = Products;
			sourceTree = "<group>";
		};
		7C3730AD24F8FF660071BD2A /* SensorsApp */ = {
			isa = PBXGroup;
			children = (
				7C3730C224F90CDA0071BD2A /* Recources */,
				7C3730AE24F8FF660071BD2A /* AppDelegate.swift */,
				7C3730B024F8FF660071BD2A /* SceneDelegate.swift */,
				7C3730B224F8FF660071BD2A /* ContentView.swift */,
				7C6A851E24FD56290020BCF6 /* DataCell.swift */,
				7C3730B924F8FF670071BD2A /* LaunchScreen.storyboard */,
				7C3730C324F90E040071BD2A /* MotionManager.swift */,
				7C3730C524FD020E0071BD2A /* MotionError.swift */,
				7C6A851624FD3E130020BCF6 /* Models */,
				7C3730B624F8FF670071BD2A /* Preview Content */,
			);
			path = SensorsApp;
			sourceTree = "<group>";
		};
		7C3730B624F8FF670071BD2A /* Preview Content */ = {
			isa = PBXGroup;
			children = (
				7C3730B724F8FF670071BD2A /* Preview Assets.xcassets */,
			);
			path = "Preview Content";
			sourceTree = "<group>";
		};
		7C3730C224F90CDA0071BD2A /* Recources */ = {
			isa = PBXGroup;
			children = (
				7C3730B424F8FF670071BD2A /* Assets.xcassets */,
				7C3730BC24F8FF670071BD2A /* Info.plist */,
			);
			path = Recources;
			sourceTree = "<group>";
		};
		7C6A851624FD3E130020BCF6 /* Models */ = {
			isa = PBXGroup;
			children = (
				7C6A851724FD3E370020BCF6 /* RotationModel.swift */,
				7C6A851924FD3E5A0020BCF6 /* AccelerationModel.swift */,
				7C6A851B24FD3FF50020BCF6 /* MagneticFieldModel.swift */,
			);
			path = Models;
			sourceTree = "<group>";
		};
/* End PBXGroup section */

/* Begin PBXNativeTarget section */
		7C3730AA24F8FF660071BD2A /* SensorsApp */ = {
			isa = PBXNativeTarget;
			buildConfigurationList = 7C3730BF24F8FF670071BD2A /* Build configuration list for PBXNativeTarget "SensorsApp" */;
			buildPhases = (
				7C3730A724F8FF660071BD2A /* Sources */,
				7C3730A824F8FF660071BD2A /* Frameworks */,
				7C3730A924F8FF660071BD2A /* Resources */,
			);
			buildRules = (
			);
			dependencies = (
			);
			name = SensorsApp;
			productName = SensorsApp;
			productReference = 7C3730AB24F8FF660071BD2A /* SensorsApp.app */;
			productType = "com.apple.product-type.application";
		};
/* End PBXNativeTarget section */

/* Begin PBXProject section */
		7C3730A324F8FF660071BD2A /* Project object */ = {
			isa = PBXProject;
			attributes = {
				LastSwiftUpdateCheck = 1160;
				LastUpgradeCheck = 1160;
				ORGANIZATIONNAME = "Gundars Kokins";
				TargetAttributes = {
					7C3730AA24F8FF660071BD2A = {
						CreatedOnToolsVersion = 11.6;
					};
				};
			};
			buildConfigurationList = 7C3730A624F8FF660071BD2A /* Build configuration list for PBXProject "SensorsApp" */;
			compatibilityVersion = "Xcode 9.3";
			developmentRegion = en;
			hasScannedForEncodings = 0;
			knownRegions = (
				en,
				Base,
			);
			mainGroup = 7C3730A224F8FF660071BD2A;
			productRefGroup = 7C3730AC24F8FF660071BD2A /* Products */;
			projectDirPath = "";
			projectRoot = "";
			targets = (
				7C3730AA24F8FF660071BD2A /* SensorsApp */,
			);
		};
/* End PBXProject section */

/* Begin PBXResourcesBuildPhase section */
		7C3730A924F8FF660071BD2A /* Resources */ = {
			isa = PBXResourcesBuildPhase;
			buildActionMask = 2147483647;
			files = (
				7C3730BB24F8FF670071BD2A /* LaunchScreen.storyboard in Resources */,
				7C3730B824F8FF670071BD2A /* Preview Assets.xcassets in Resources */,
				7C3730B524F8FF670071BD2A /* Assets.xcassets in Resources */,
			);
			runOnlyForDeploymentPostprocessing = 0;
		};
/* End PBXResourcesBuildPhase section */

/* Begin PBXSourcesBuildPhase section */
		7C3730A724F8FF660071BD2A /* Sources */ = {
			isa = PBXSourcesBuildPhase;
			buildActionMask = 2147483647;
			files = (
				7C3730C624FD020E0071BD2A /* MotionError.swift in Sources */,
				7C3730AF24F8FF660071BD2A /* AppDelegate.swift in Sources */,
				7C6A851C24FD3FF50020BCF6 /* MagneticFieldModel.swift in Sources */,
				7C6A851F24FD56290020BCF6 /* DataCell.swift in Sources */,
				7C3730B124F8FF660071BD2A /* SceneDelegate.swift in Sources */,
				7C3730B324F8FF660071BD2A /* ContentView.swift in Sources */,
				7C3730C424F90E040071BD2A /* MotionManager.swift in Sources */,
				7C6A851A24FD3E5A0020BCF6 /* AccelerationModel.swift in Sources */,
				7C6A851824FD3E370020BCF6 /* RotationModel.swift in Sources */,
			);
			runOnlyForDeploymentPostprocessing = 0;
		};
/* End PBXSourcesBuildPhase section */

/* Begin PBXVariantGroup section */
		7C3730B924F8FF670071BD2A /* LaunchScreen.storyboard */ = {
			isa = PBXVariantGroup;
			children = (
				7C3730BA24F8FF670071BD2A /* Base */,
			);
			name = LaunchScreen.storyboard;
			sourceTree = "<group>";
		};
/* End PBXVariantGroup section */

/* Begin XCBuildConfiguration section */
		7C3730BD24F8FF670071BD2A /* Debug */ = {
			isa = XCBuildConfiguration;
			buildSettings = {
				ALWAYS_SEARCH_USER_PATHS = NO;
				CLANG_ANALYZER_NONNULL = YES;
				CLANG_ANALYZER_NUMBER_OBJECT_CONVERSION = YES_AGGRESSIVE;
				CLANG_CXX_LANGUAGE_STANDARD = "gnu++14";
				CLANG_CXX_LIBRARY = "libc++";
				CLANG_ENABLE_MODULES = YES;
				CLANG_ENABLE_OBJC_ARC = YES;
				CLANG_ENABLE_OBJC_WEAK = YES;
				CLANG_WARN_BLOCK_CAPTURE_AUTORELEASING = YES;
				CLANG_WARN_BOOL_CONVERSION = YES;
				CLANG_WARN_COMMA = YES;
				CLANG_WARN_CONSTANT_CONVERSION = YES;
				CLANG_WARN_DEPRECATED_OBJC_IMPLEMENTATIONS = YES;
				CLANG_WARN_DIRECT_OBJC_ISA_USAGE = YES_ERROR;
				CLANG_WARN_DOCUMENTATION_COMMENTS = YES;
				CLANG_WARN_EMPTY_BODY = YES;
				CLANG_WARN_ENUM_CONVERSION = YES;
				CLANG_WARN_INFINITE_RECURSION = YES;
				CLANG_WARN_INT_CONVERSION = YES;
				CLANG_WARN_NON_LITERAL_NULL_CONVERSION = YES;
				CLANG_WARN_OBJC_IMPLICIT_RETAIN_SELF = YES;
				CLANG_WARN_OBJC_LITERAL_CONVERSION = YES;
				CLANG_WARN_OBJC_ROOT_CLASS = YES_ERROR;
				CLANG_WARN_RANGE_LOOP_ANALYSIS = YES;
				CLANG_WARN_STRICT_PROTOTYPES = YES;
				CLANG_WARN_SUSPICIOUS_MOVE = YES;
				CLANG_WARN_UNGUARDED_AVAILABILITY = YES_AGGRESSIVE;
				CLANG_WARN_UNREACHABLE_CODE = YES;
				CLANG_WARN__DUPLICATE_METHOD_MATCH = YES;
				COPY_PHASE_STRIP = NO;
				DEBUG_INFORMATION_FORMAT = dwarf;
				ENABLE_STRICT_OBJC_MSGSEND = YES;
				ENABLE_TESTABILITY = YES;
				GCC_C_LANGUAGE_STANDARD = gnu11;
				GCC_DYNAMIC_NO_PIC = NO;
				GCC_NO_COMMON_BLOCKS = YES;
				GCC_OPTIMIZATION_LEVEL = 0;
				GCC_PREPROCESSOR_DEFINITIONS = (
					"DEBUG=1",
					"$(inherited)",
				);
				GCC_WARN_64_TO_32_BIT_CONVERSION = YES;
				GCC_WARN_ABOUT_RETURN_TYPE = YES_ERROR;
				GCC_WARN_UNDECLARED_SELECTOR = YES;
				GCC_WARN_UNINITIALIZED_AUTOS = YES_AGGRESSIVE;
				GCC_WARN_UNUSED_FUNCTION = YES;
				GCC_WARN_UNUSED_VARIABLE = YES;
				IPHONEOS_DEPLOYMENT_TARGET = 13.0;
				MTL_ENABLE_DEBUG_INFO = INCLUDE_SOURCE;
				MTL_FAST_MATH = YES;
				ONLY_ACTIVE_ARCH = YES;
				SDKROOT = iphoneos;
				SWIFT_ACTIVE_COMPILATION_CONDITIONS = DEBUG;
				SWIFT_OPTIMIZATION_LEVEL = "-Onone";
			};
			name = Debug;
		};
		7C3730BE24F8FF670071BD2A /* Release */ = {
			isa = XCBuildConfiguration;
			buildSettings = {
				ALWAYS_SEARCH_USER_PATHS = NO;
				CLANG_ANALYZER_NONNULL = YES;
				CLANG_ANALYZER_NUMBER_OBJECT_CONVERSION = YES_AGGRESSIVE;
				CLANG_CXX_LANGUAGE_STANDARD = "gnu++14";
				CLANG_CXX_LIBRARY = "libc++";
				CLANG_ENABLE_MODULES = YES;
				CLANG_ENABLE_OBJC_ARC = YES;
				CLANG_ENABLE_OBJC_WEAK = YES;
				CLANG_WARN_BLOCK_CAPTURE_AUTORELEASING = YES;
				CLANG_WARN_BOOL_CONVERSION = YES;
				CLANG_WARN_COMMA = YES;
				CLANG_WARN_CONSTANT_CONVERSION = YES;
				CLANG_WARN_DEPRECATED_OBJC_IMPLEMENTATIONS = YES;
				CLANG_WARN_DIRECT_OBJC_ISA_USAGE = YES_ERROR;
				CLANG_WARN_DOCUMENTATION_COMMENTS = YES;
				CLANG_WARN_EMPTY_BODY = YES;
				CLANG_WARN_ENUM_CONVERSION = YES;
				CLANG_WARN_INFINITE_RECURSION = YES;
				CLANG_WARN_INT_CONVERSION = YES;
				CLANG_WARN_NON_LITERAL_NULL_CONVERSION = YES;
				CLANG_WARN_OBJC_IMPLICIT_RETAIN_SELF = YES;
				CLANG_WARN_OBJC_LITERAL_CONVERSION = YES;
				CLANG_WARN_OBJC_ROOT_CLASS = YES_ERROR;
				CLANG_WARN_RANGE_LOOP_ANALYSIS = YES;
				CLANG_WARN_STRICT_PROTOTYPES = YES;
				CLANG_WARN_SUSPICIOUS_MOVE = YES;
				CLANG_WARN_UNGUARDED_AVAILABILITY = YES_AGGRESSIVE;
				CLANG_WARN_UNREACHABLE_CODE = YES;
				CLANG_WARN__DUPLICATE_METHOD_MATCH = YES;
				COPY_PHASE_STRIP = NO;
				DEBUG_INFORMATION_FORMAT = "dwarf-with-dsym";
				ENABLE_NS_ASSERTIONS = NO;
				ENABLE_STRICT_OBJC_MSGSEND = YES;
				GCC_C_LANGUAGE_STANDARD = gnu11;
				GCC_NO_COMMON_BLOCKS = YES;
				GCC_WARN_64_TO_32_BIT_CONVERSION = YES;
				GCC_WARN_ABOUT_RETURN_TYPE = YES_ERROR;
				GCC_WARN_UNDECLARED_SELECTOR = YES;
				GCC_WARN_UNINITIALIZED_AUTOS = YES_AGGRESSIVE;
				GCC_WARN_UNUSED_FUNCTION = YES;
				GCC_WARN_UNUSED_VARIABLE = YES;
				IPHONEOS_DEPLOYMENT_TARGET = 13.0;
				MTL_ENABLE_DEBUG_INFO = NO;
				MTL_FAST_MATH = YES;
				SDKROOT = iphoneos;
				SWIFT_COMPILATION_MODE = wholemodule;
				SWIFT_OPTIMIZATION_LEVEL = "-O";
				VALIDATE_PRODUCT = YES;
			};
			name = Release;
		};
		7C3730C024F8FF670071BD2A /* Debug */ = {
			isa = XCBuildConfiguration;
			buildSettings = {
				ASSETCATALOG_COMPILER_APPICON_NAME = AppIcon;
				CODE_SIGN_STYLE = Automatic;
				DEVELOPMENT_ASSET_PATHS = "\"SensorsApp/Preview Content\"";
				DEVELOPMENT_TEAM = 86T3GM4BW6;
				ENABLE_PREVIEWS = YES;
				INFOPLIST_FILE = SensorsApp/Recources/Info.plist;
				LD_RUNPATH_SEARCH_PATHS = (
					"$(inherited)",
					"@executable_path/Frameworks",
				);
				PRODUCT_BUNDLE_IDENTIFIER = Gundars.Kokins.SensorsApp;
				PRODUCT_NAME = "$(TARGET_NAME)";
				SWIFT_VERSION = 5.0;
				TARGETED_DEVICE_FAMILY = "1,2";
			};
			name = Debug;
		};
		7C3730C124F8FF670071BD2A /* Release */ = {
			isa = XCBuildConfiguration;
			buildSettings = {
				ASSETCATALOG_COMPILER_APPICON_NAME = AppIcon;
				CODE_SIGN_STYLE = Automatic;
				DEVELOPMENT_ASSET_PATHS = "\"SensorsApp/Preview Content\"";
				DEVELOPMENT_TEAM = 86T3GM4BW6;
				ENABLE_PREVIEWS = YES;
				INFOPLIST_FILE = SensorsApp/Recources/Info.plist;
				LD_RUNPATH_SEARCH_PATHS = (
					"$(inherited)",
					"@executable_path/Frameworks",
				);
				PRODUCT_BUNDLE_IDENTIFIER = Gundars.Kokins.SensorsApp;
				PRODUCT_NAME = "$(TARGET_NAME)";
				SWIFT_VERSION = 5.0;
				TARGETED_DEVICE_FAMILY = "1,2";
			};
			name = Release;
		};
/* End XCBuildConfiguration section */

/* Begin XCConfigurationList section */
		7C3730A624F8FF660071BD2A /* Build configuration list for PBXProject "SensorsApp" */ = {
			isa = XCConfigurationList;
			buildConfigurations = (
				7C3730BD24F8FF670071BD2A /* Debug */,
				7C3730BE24F8FF670071BD2A /* Release */,
			);
			defaultConfigurationIsVisible = 0;
			defaultConfigurationName = Release;
		};
		7C3730BF24F8FF670071BD2A /* Build configuration list for PBXNativeTarget "SensorsApp" */ = {
			isa = XCConfigurationList;
			buildConfigurations = (
				7C3730C024F8FF670071BD2A /* Debug */,
				7C3730C124F8FF670071BD2A /* Release */,
			);
			defaultConfigurationIsVisible = 0;
			defaultConfigurationName = Release;
		};
/* End XCConfigurationList section */
	};
	rootObject = 7C3730A324F8FF660071BD2A /* Project object */;
}
